
Microsoft Visual Studio Solution File, Format Version 12.00
# Visual Studio 2013
VisualStudioVersion = 12.0.30501.0
MinimumVisualStudioVersion = 10.0.40219.1
Project("{FAE04EC0-301F-11D3-BF4B-00C04F79EFBC}") = "TextbookManage.Design", "TextbookManage.Design\TextbookManage.Design.csproj", "{D3C3491B-FFC3-4413-B8E3-A41C5E72A6AB}"
EndProject
Project("{FAE04EC0-301F-11D3-BF4B-00C04F79EFBC}") = "TextbookManage.Domain", "TextbookManage.Domain\TextbookManage.Domain.csproj", "{9F0B3334-5E6E-4B48-A1DC-1F65B186A21D}"
EndProject
Project("{FAE04EC0-301F-11D3-BF4B-00C04F79EFBC}") = "TextbookManage.Repositories", "TextbookManage.Repositories\TextbookManage.Repositories.csproj", "{BD9A5CE9-D0D6-4FB4-85D4-C1A8AB63C8A0}"
EndProject
Project("{FAE04EC0-301F-11D3-BF4B-00C04F79EFBC}") = "TextbookManage.Applications", "TextbookManage.Application\TextbookManage.Applications.csproj", "{55A9ECBC-B25E-47A4-A914-AEDF859D62DB}"
EndProject
Project("{FAE04EC0-301F-11D3-BF4B-00C04F79EFBC}") = "TextbookManage.WebUI", "TextbookManage.WebUI\TextbookManage.WebUI.csproj", "{931413E7-2EF4-468C-911F-37D655B8184B}"
	ProjectSection(ProjectDependencies) = postProject
		{ED3FA37C-4A9E-49B2-9210-E19760A650CD} = {ED3FA37C-4A9E-49B2-9210-E19760A650CD}
	EndProjectSection
EndProject
Project("{FAE04EC0-301F-11D3-BF4B-00C04F79EFBC}") = "TextbookManage.Infrastructure", "TextbookManage.Infrastructure\TextbookManage.Infrastructure.csproj", "{E901854E-A721-4E21-98E9-AF2C963CF07B}"
EndProject
Project("{FAE04EC0-301F-11D3-BF4B-00C04F79EFBC}") = "TextbookManage.ViewModels", "TextbookManage.ViewModels\TextbookManage.ViewModels.csproj", "{E90BD2FA-796E-46C6-AD7E-A47F84941146}"
EndProject
Project("{FAE04EC0-301F-11D3-BF4B-00C04F79EFBC}") = "TextbookManage.IApplications", "TextbookManage.IApplications\TextbookManage.IApplications.csproj", "{01885BE2-55DA-4C10-A747-A276AF4F706B}"
EndProject
Project("{FAE04EC0-301F-11D3-BF4B-00C04F79EFBC}") = "TextbookManage.Domain.Test", "TextbookManage.Domain.Test\TextbookManage.Domain.Test.csproj", "{2F967978-F0DF-4A3F-83BA-7919F5A92F24}"
EndProject
Project("{FAE04EC0-301F-11D3-BF4B-00C04F79EFBC}") = "TextbookManage.Repositories.Test", "TextbookManage.Repositories.Test\TextbookManage.Repositories.Test.csproj", "{152755D8-3C26-4BCA-9DD6-D2EABA52745D}"
EndProject
Project("{FAE04EC0-301F-11D3-BF4B-00C04F79EFBC}") = "TextbookManage.Applicaiton.Test", "TextbookManage.Applicaiton.Test\TextbookManage.Applicaiton.Test.csproj", "{489E101B-391C-4E3E-AFC1-FFB921F63F53}"
EndProject
Project("{FAE04EC0-301F-11D3-BF4B-00C04F79EFBC}") = "TextbookManage.Services", "TextbookManage.Services\TextbookManage.Services.csproj", "{ED3FA37C-4A9E-49B2-9210-E19760A650CD}"
EndProject
Project("{FAE04EC0-301F-11D3-BF4B-00C04F79EFBC}") = "CasClientValidate", "CasClientValidate\CasClientValidate.csproj", "{1FCF25F3-0329-4D4F-B1F5-795D09C5DB6A}"
EndProject
Project("{FAE04EC0-301F-11D3-BF4B-00C04F79EFBC}") = "TextbookManage.Domain.JiaoWu", "TextbookManage.Domain.JiaoWu\TextbookManage.Domain.JiaoWu.csproj", "{DC665444-41D2-41E9-9361-4E98F42CA5BA}"
EndProject
Project("{FAE04EC0-301F-11D3-BF4B-00C04F79EFBC}") = "TextbookManage.Repositories.JiaoWu", "TextbookManage.Repositories.JiaoWu\TextbookManage.Repositories.JiaoWu.csproj", "{6F84BBD7-A49E-4650-89F4-E08E3D6C2ECF}"
EndProject
Global
	GlobalSection(SolutionConfigurationPlatforms) = preSolution
		Debug|Any CPU = Debug|Any CPU
		Release|Any CPU = Release|Any CPU
	EndGlobalSection
	GlobalSection(ProjectConfigurationPlatforms) = postSolution
		{D3C3491B-FFC3-4413-B8E3-A41C5E72A6AB}.Debug|Any CPU.ActiveCfg = Debug|Any CPU
		{D3C3491B-FFC3-4413-B8E3-A41C5E72A6AB}.Debug|Any CPU.Build.0 = Debug|Any CPU
		{D3C3491B-FFC3-4413-B8E3-A41C5E72A6AB}.Release|Any CPU.ActiveCfg = Release|Any CPU
		{D3C3491B-FFC3-4413-B8E3-A41C5E72A6AB}.Release|Any CPU.Build.0 = Release|Any CPU
		{9F0B3334-5E6E-4B48-A1DC-1F65B186A21D}.Debug|Any CPU.ActiveCfg = Debug|Any CPU
		{9F0B3334-5E6E-4B48-A1DC-1F65B186A21D}.Debug|Any CPU.Build.0 = Debug|Any CPU
		{9F0B3334-5E6E-4B48-A1DC-1F65B186A21D}.Release|Any CPU.ActiveCfg = Release|Any CPU
		{9F0B3334-5E6E-4B48-A1DC-1F65B186A21D}.Release|Any CPU.Build.0 = Release|Any CPU
		{BD9A5CE9-D0D6-4FB4-85D4-C1A8AB63C8A0}.Debug|Any CPU.ActiveCfg = Debug|Any CPU
		{BD9A5CE9-D0D6-4FB4-85D4-C1A8AB63C8A0}.Debug|Any CPU.Build.0 = Debug|Any CPU
		{BD9A5CE9-D0D6-4FB4-85D4-C1A8AB63C8A0}.Release|Any CPU.ActiveCfg = Release|Any CPU
		{BD9A5CE9-D0D6-4FB4-85D4-C1A8AB63C8A0}.Release|Any CPU.Build.0 = Release|Any CPU
		{55A9ECBC-B25E-47A4-A914-AEDF859D62DB}.Debug|Any CPU.ActiveCfg = Debug|Any CPU
		{55A9ECBC-B25E-47A4-A914-AEDF859D62DB}.Debug|Any CPU.Build.0 = Debug|Any CPU
		{55A9ECBC-B25E-47A4-A914-AEDF859D62DB}.Release|Any CPU.ActiveCfg = Release|Any CPU
		{55A9ECBC-B25E-47A4-A914-AEDF859D62DB}.Release|Any CPU.Build.0 = Release|Any CPU
		{931413E7-2EF4-468C-911F-37D655B8184B}.Debug|Any CPU.ActiveCfg = Debug|Any CPU
		{931413E7-2EF4-468C-911F-37D655B8184B}.Debug|Any CPU.Build.0 = Debug|Any CPU
		{931413E7-2EF4-468C-911F-37D655B8184B}.Release|Any CPU.ActiveCfg = Release|Any CPU
		{931413E7-2EF4-468C-911F-37D655B8184B}.Release|Any CPU.Build.0 = Release|Any CPU
		{E901854E-A721-4E21-98E9-AF2C963CF07B}.Debug|Any CPU.ActiveCfg = Debug|Any CPU
		{E901854E-A721-4E21-98E9-AF2C963CF07B}.Debug|Any CPU.Build.0 = Debug|Any CPU
		{E901854E-A721-4E21-98E9-AF2C963CF07B}.Release|Any CPU.ActiveCfg = Release|Any CPU
		{E901854E-A721-4E21-98E9-AF2C963CF07B}.Release|Any CPU.Build.0 = Release|Any CPU
		{E90BD2FA-796E-46C6-AD7E-A47F84941146}.Debug|Any CPU.ActiveCfg = Debug|Any CPU
		{E90BD2FA-796E-46C6-AD7E-A47F84941146}.Debug|Any CPU.Build.0 = Debug|Any CPU
		{E90BD2FA-796E-46C6-AD7E-A47F84941146}.Release|Any CPU.ActiveCfg = Release|Any CPU
		{E90BD2FA-796E-46C6-AD7E-A47F84941146}.Release|Any CPU.Build.0 = Release|Any CPU
		{01885BE2-55DA-4C10-A747-A276AF4F706B}.Debug|Any CPU.ActiveCfg = Debug|Any CPU
		{01885BE2-55DA-4C10-A747-A276AF4F706B}.Debug|Any CPU.Build.0 = Debug|Any CPU
		{01885BE2-55DA-4C10-A747-A276AF4F706B}.Release|Any CPU.ActiveCfg = Release|Any CPU
		{01885BE2-55DA-4C10-A747-A276AF4F706B}.Release|Any CPU.Build.0 = Release|Any CPU
		{2F967978-F0DF-4A3F-83BA-7919F5A92F24}.Debug|Any CPU.ActiveCfg = Debug|Any CPU
		{2F967978-F0DF-4A3F-83BA-7919F5A92F24}.Debug|Any CPU.Build.0 = Debug|Any CPU
		{2F967978-F0DF-4A3F-83BA-7919F5A92F24}.Release|Any CPU.ActiveCfg = Release|Any CPU
		{2F967978-F0DF-4A3F-83BA-7919F5A92F24}.Release|Any CPU.Build.0 = Release|Any CPU
		{152755D8-3C26-4BCA-9DD6-D2EABA52745D}.Debug|Any CPU.ActiveCfg = Debug|Any CPU
		{152755D8-3C26-4BCA-9DD6-D2EABA52745D}.Debug|Any CPU.Build.0 = Debug|Any CPU
		{152755D8-3C26-4BCA-9DD6-D2EABA52745D}.Release|Any CPU.ActiveCfg = Release|Any CPU
		{152755D8-3C26-4BCA-9DD6-D2EABA52745D}.Release|Any CPU.Build.0 = Release|Any CPU
		{489E101B-391C-4E3E-AFC1-FFB921F63F53}.Debug|Any CPU.ActiveCfg = Debug|Any CPU
		{489E101B-391C-4E3E-AFC1-FFB921F63F53}.Debug|Any CPU.Build.0 = Debug|Any CPU
		{489E101B-391C-4E3E-AFC1-FFB921F63F53}.Release|Any CPU.ActiveCfg = Release|Any CPU
		{489E101B-391C-4E3E-AFC1-FFB921F63F53}.Release|Any CPU.Build.0 = Release|Any CPU
		{ED3FA37C-4A9E-49B2-9210-E19760A650CD}.Debug|Any CPU.ActiveCfg = Debug|Any CPU
		{ED3FA37C-4A9E-49B2-9210-E19760A650CD}.Debug|Any CPU.Build.0 = Debug|Any CPU
		{ED3FA37C-4A9E-49B2-9210-E19760A650CD}.Release|Any CPU.ActiveCfg = Release|Any CPU
		{ED3FA37C-4A9E-49B2-9210-E19760A650CD}.Release|Any CPU.Build.0 = Release|Any CPU
		{1FCF25F3-0329-4D4F-B1F5-795D09C5DB6A}.Debug|Any CPU.ActiveCfg = Debug|Any CPU
		{1FCF25F3-0329-4D4F-B1F5-795D09C5DB6A}.Debug|Any CPU.Build.0 = Debug|Any CPU
		{1FCF25F3-0329-4D4F-B1F5-795D09C5DB6A}.Release|Any CPU.ActiveCfg = Release|Any CPU
		{1FCF25F3-0329-4D4F-B1F5-795D09C5DB6A}.Release|Any CPU.Build.0 = Release|Any CPU
		{DC665444-41D2-41E9-9361-4E98F42CA5BA}.Debug|Any CPU.ActiveCfg = Debug|Any CPU
		{DC665444-41D2-41E9-9361-4E98F42CA5BA}.Debug|Any CPU.Build.0 = Debug|Any CPU
		{DC665444-41D2-41E9-9361-4E98F42CA5BA}.Release|Any CPU.ActiveCfg = Release|Any CPU
		{DC665444-41D2-41E9-9361-4E98F42CA5BA}.Release|Any CPU.Build.0 = Release|Any CPU
		{6F84BBD7-A49E-4650-89F4-E08E3D6C2ECF}.Debug|Any CPU.ActiveCfg = Debug|Any CPU
		{6F84BBD7-A49E-4650-89F4-E08E3D6C2ECF}.Debug|Any CPU.Build.0 = Debug|Any CPU
		{6F84BBD7-A49E-4650-89F4-E08E3D6C2ECF}.Release|Any CPU.ActiveCfg = Release|Any CPU
		{6F84BBD7-A49E-4650-89F4-E08E3D6C2ECF}.Release|Any CPU.Build.0 = Release|Any CPU
	EndGlobalSection
	GlobalSection(SolutionProperties) = preSolution
		HideSolutionNode = FALSE
	EndGlobalSection
	GlobalSection(ExtensibilityGlobals) = postSolution
		EnterpriseLibraryConfigurationToolBinariesPath = packages\Unity.2.1.505.2\lib\NET35;packages\Unity.Interception.2.1.505.2\lib\NET35
	EndGlobalSection
EndGlobal
