
Microsoft Visual Studio Solution File, Format Version 12.00
# Visual Studio 2012
Project("{FAE04EC0-301F-11D3-BF4B-00C04F79EFBC}") = "TextbookManage.Infrastructure", "TextbookManage.Infrastructure\TextbookManage.Infrastructure.csproj", "{E0ED7B9F-272B-43D7-81AA-8E4A58DFA708}"
EndProject
Project("{FAE04EC0-301F-11D3-BF4B-00C04F79EFBC}") = "TextbookManage.Domain", "TextbookManage.Domain\TextbookManage.Domain.csproj", "{E1C0ECBD-2870-49C6-B4F5-536FCC67F38C}"
EndProject
Project("{FAE04EC0-301F-11D3-BF4B-00C04F79EFBC}") = "TextbookManage.Repositories", "TextbookManage.Repository\TextbookManage.Repositories.csproj", "{620CDAB0-581D-4669-9D82-E11E35ABCB7F}"
EndProject
Project("{FAE04EC0-301F-11D3-BF4B-00C04F79EFBC}") = "TextbookManage.WebClient", "TextbookManage.WebClient\TextbookManage.WebClient.csproj", "{682DAAA7-14DD-4F33-87F5-914808DCD71A}"
EndProject
Project("{FAE04EC0-301F-11D3-BF4B-00C04F79EFBC}") = "TextbookManage.WebControls", "TextbookManage.WebControls\TextbookManage.WebControls.csproj", "{A2D8A100-A86F-4972-9BBF-1007901A7682}"
EndProject
Project("{FAE04EC0-301F-11D3-BF4B-00C04F79EFBC}") = "TextbookManage.Applications", "TextbookManage.Application\TextbookManage.Applications.csproj", "{FED70C4A-8F65-4CD5-8F66-E5309398AB6E}"
EndProject
Project("{FAE04EC0-301F-11D3-BF4B-00C04F79EFBC}") = "TextbookManage.IApplications", "TextbookManage.IApplication\TextbookManage.IApplications.csproj", "{E86E7F7E-7237-47AE-9B8E-4AE4AF439E30}"
EndProject
Project("{FAE04EC0-301F-11D3-BF4B-00C04F79EFBC}") = "TextbookManage.Services", "TextbookManage.Service\TextbookManage.Services.csproj", "{163005B1-8B9B-46E1-928B-2A59FF94D5EC}"
EndProject
Project("{FAE04EC0-301F-11D3-BF4B-00C04F79EFBC}") = "TextbookManage.WebUI", "TextbookManage.WebFormsUI\TextbookManage.WebUI.csproj", "{2D7CA2C3-39D3-4BDD-9FA9-5BA7365EA785}"
EndProject
Project("{FAE04EC0-301F-11D3-BF4B-00C04F79EFBC}") = "TextbookManage.ViewModels", "TextbookManage.ViewModels\TextbookManage.ViewModels.csproj", "{A60747B1-6D92-4995-9AE3-7ADA668291D7}"
EndProject
Project("{FAE04EC0-301F-11D3-BF4B-00C04F79EFBC}") = "TextbookManage.Design", "TextbookManage.Design\TextbookManage.Design.csproj", "{743CCB25-39B0-44C0-AED0-167F208452E1}"
EndProject
Project("{FAE04EC0-301F-11D3-BF4B-00C04F79EFBC}") = "TextbookManage.Infrastructure.Test", "TextbookManage.Infrastructure.Test\TextbookManage.Infrastructure.Test.csproj", "{16EC38C9-F63E-43E9-B08A-CFA28B37CB9D}"
EndProject
Project("{FAE04EC0-301F-11D3-BF4B-00C04F79EFBC}") = "TextbookManage.Repositories.Test", "TextbookManage.Repositories.Test\TextbookManage.Repositories.Test.csproj", "{35D78434-53BB-485E-A21D-5F2F7B8D3A9F}"
EndProject
Project("{FAE04EC0-301F-11D3-BF4B-00C04F79EFBC}") = "TextbookManage.Services.Test", "TextbookManage.Services.Test\TextbookManage.Services.Test.csproj", "{403ADCB0-8D4F-4C53-B682-876549C3A96A}"
EndProject
Project("{FAE04EC0-301F-11D3-BF4B-00C04F79EFBC}") = "TextbookManage.IServices", "TextbookManage.IServices\TextbookManage.IServices.csproj", "{4996F44B-A7AF-4DD1-A40D-391A45F30261}"
EndProject
Global
	GlobalSection(TeamFoundationVersionControl) = preSolution
		SccNumberOfProjects = 16
		SccEnterpriseProvider = {4CA58AB2-18FA-4F8D-95D4-32DDF27D184C}
		SccTeamFoundationServer = http://210.43.118.193:8080/tfs/%E6%95%99%E6%9D%90%E7%AE%A1%E7%90%86%E7%B3%BB%E7%BB%9F
		SccLocalPath0 = .
		SccProjectUniqueName1 = TextbookManage.Infrastructure\\TextbookManage.Infrastructure.csproj
		SccProjectName1 = TextbookManage.Infrastructure
		SccLocalPath1 = TextbookManage.Infrastructure
		SccProjectUniqueName2 = TextbookManage.Domain\\TextbookManage.Domain.csproj
		SccProjectName2 = TextbookManage.Domain
		SccLocalPath2 = TextbookManage.Domain
		SccProjectUniqueName3 = TextbookManage.WebClient\\TextbookManage.WebClient.csproj
		SccProjectName3 = TextbookManage.WebClient
		SccLocalPath3 = TextbookManage.WebClient
		SccProjectUniqueName4 = TextbookManage.WebControls\\TextbookManage.WebControls.csproj
		SccProjectName4 = TextbookManage.WebControls
		SccLocalPath4 = TextbookManage.WebControls
		SccProjectUniqueName5 = TextbookManage.ViewModels\\TextbookManage.ViewModels.csproj
		SccProjectName5 = TextbookManage.ViewModels
		SccLocalPath5 = TextbookManage.ViewModels
		SccProjectUniqueName6 = TextbookManage.Service\\TextbookManage.Services.csproj
		SccProjectName6 = TextbookManage.Service
		SccLocalPath6 = TextbookManage.Service
		SccProjectUniqueName7 = TextbookManage.IApplication\\TextbookManage.IApplications.csproj
		SccProjectName7 = TextbookManage.IApplication
		SccLocalPath7 = TextbookManage.IApplication
		SccProjectUniqueName8 = TextbookManage.Application\\TextbookManage.Applications.csproj
		SccProjectName8 = TextbookManage.Application
		SccLocalPath8 = TextbookManage.Application
		SccProjectUniqueName9 = TextbookManage.Repository\\TextbookManage.Repositories.csproj
		SccProjectName9 = TextbookManage.Repository
		SccLocalPath9 = TextbookManage.Repository
		SccProjectUniqueName10 = TextbookManage.Design\\TextbookManage.Design.csproj
		SccProjectName10 = TextbookManage.Design
		SccLocalPath10 = TextbookManage.Design
		SccProjectUniqueName11 = TextbookManage.Infrastructure.Test\\TextbookManage.Infrastructure.Test.csproj
		SccProjectName11 = TextbookManage.Infrastructure.Test
		SccLocalPath11 = TextbookManage.Infrastructure.Test
		SccProjectUniqueName12 = TextbookManage.Repositories.Test\\TextbookManage.Repositories.Test.csproj
		SccProjectName12 = TextbookManage.Repositories.Test
		SccLocalPath12 = TextbookManage.Repositories.Test
		SccProjectUniqueName13 = TextbookManage.Services.Test\\TextbookManage.Services.Test.csproj
		SccProjectName13 = TextbookManage.Services.Test
		SccLocalPath13 = TextbookManage.Services.Test
		SccProjectUniqueName14 = TextbookManage.IServices\\TextbookManage.IServices.csproj
		SccProjectName14 = TextbookManage.IServices
		SccLocalPath14 = TextbookManage.IServices
		SccProjectUniqueName15 = TextbookManage.WebFormsUI\\TextbookManage.WebUI.csproj
		SccProjectName15 = TextbookManage.WebFormsUI
		SccLocalPath15 = TextbookManage.WebFormsUI
	EndGlobalSection
	GlobalSection(SolutionConfigurationPlatforms) = preSolution
		Debug|Any CPU = Debug|Any CPU
		Release|Any CPU = Release|Any CPU
	EndGlobalSection
	GlobalSection(ProjectConfigurationPlatforms) = postSolution
		{E0ED7B9F-272B-43D7-81AA-8E4A58DFA708}.Debug|Any CPU.ActiveCfg = Debug|Any CPU
		{E0ED7B9F-272B-43D7-81AA-8E4A58DFA708}.Debug|Any CPU.Build.0 = Debug|Any CPU
		{E0ED7B9F-272B-43D7-81AA-8E4A58DFA708}.Release|Any CPU.ActiveCfg = Release|Any CPU
		{E0ED7B9F-272B-43D7-81AA-8E4A58DFA708}.Release|Any CPU.Build.0 = Release|Any CPU
		{E1C0ECBD-2870-49C6-B4F5-536FCC67F38C}.Debug|Any CPU.ActiveCfg = Debug|Any CPU
		{E1C0ECBD-2870-49C6-B4F5-536FCC67F38C}.Debug|Any CPU.Build.0 = Debug|Any CPU
		{E1C0ECBD-2870-49C6-B4F5-536FCC67F38C}.Release|Any CPU.ActiveCfg = Release|Any CPU
		{E1C0ECBD-2870-49C6-B4F5-536FCC67F38C}.Release|Any CPU.Build.0 = Release|Any CPU
		{620CDAB0-581D-4669-9D82-E11E35ABCB7F}.Debug|Any CPU.ActiveCfg = Debug|Any CPU
		{620CDAB0-581D-4669-9D82-E11E35ABCB7F}.Debug|Any CPU.Build.0 = Debug|Any CPU
		{620CDAB0-581D-4669-9D82-E11E35ABCB7F}.Release|Any CPU.ActiveCfg = Release|Any CPU
		{620CDAB0-581D-4669-9D82-E11E35ABCB7F}.Release|Any CPU.Build.0 = Release|Any CPU
		{682DAAA7-14DD-4F33-87F5-914808DCD71A}.Debug|Any CPU.ActiveCfg = Debug|Any CPU
		{682DAAA7-14DD-4F33-87F5-914808DCD71A}.Debug|Any CPU.Build.0 = Debug|Any CPU
		{682DAAA7-14DD-4F33-87F5-914808DCD71A}.Release|Any CPU.ActiveCfg = Release|Any CPU
		{682DAAA7-14DD-4F33-87F5-914808DCD71A}.Release|Any CPU.Build.0 = Release|Any CPU
		{A2D8A100-A86F-4972-9BBF-1007901A7682}.Debug|Any CPU.ActiveCfg = Debug|Any CPU
		{A2D8A100-A86F-4972-9BBF-1007901A7682}.Debug|Any CPU.Build.0 = Debug|Any CPU
		{A2D8A100-A86F-4972-9BBF-1007901A7682}.Release|Any CPU.ActiveCfg = Release|Any CPU
		{A2D8A100-A86F-4972-9BBF-1007901A7682}.Release|Any CPU.Build.0 = Release|Any CPU
		{FED70C4A-8F65-4CD5-8F66-E5309398AB6E}.Debug|Any CPU.ActiveCfg = Debug|Any CPU
		{FED70C4A-8F65-4CD5-8F66-E5309398AB6E}.Debug|Any CPU.Build.0 = Debug|Any CPU
		{FED70C4A-8F65-4CD5-8F66-E5309398AB6E}.Release|Any CPU.ActiveCfg = Release|Any CPU
		{FED70C4A-8F65-4CD5-8F66-E5309398AB6E}.Release|Any CPU.Build.0 = Release|Any CPU
		{E86E7F7E-7237-47AE-9B8E-4AE4AF439E30}.Debug|Any CPU.ActiveCfg = Debug|Any CPU
		{E86E7F7E-7237-47AE-9B8E-4AE4AF439E30}.Debug|Any CPU.Build.0 = Debug|Any CPU
		{E86E7F7E-7237-47AE-9B8E-4AE4AF439E30}.Release|Any CPU.ActiveCfg = Release|Any CPU
		{E86E7F7E-7237-47AE-9B8E-4AE4AF439E30}.Release|Any CPU.Build.0 = Release|Any CPU
		{163005B1-8B9B-46E1-928B-2A59FF94D5EC}.Debug|Any CPU.ActiveCfg = Debug|Any CPU
		{163005B1-8B9B-46E1-928B-2A59FF94D5EC}.Debug|Any CPU.Build.0 = Debug|Any CPU
		{163005B1-8B9B-46E1-928B-2A59FF94D5EC}.Release|Any CPU.ActiveCfg = Release|Any CPU
		{163005B1-8B9B-46E1-928B-2A59FF94D5EC}.Release|Any CPU.Build.0 = Release|Any CPU
		{2D7CA2C3-39D3-4BDD-9FA9-5BA7365EA785}.Debug|Any CPU.ActiveCfg = Debug|Any CPU
		{2D7CA2C3-39D3-4BDD-9FA9-5BA7365EA785}.Debug|Any CPU.Build.0 = Debug|Any CPU
		{2D7CA2C3-39D3-4BDD-9FA9-5BA7365EA785}.Release|Any CPU.ActiveCfg = Release|Any CPU
		{2D7CA2C3-39D3-4BDD-9FA9-5BA7365EA785}.Release|Any CPU.Build.0 = Release|Any CPU
		{A60747B1-6D92-4995-9AE3-7ADA668291D7}.Debug|Any CPU.ActiveCfg = Debug|Any CPU
		{A60747B1-6D92-4995-9AE3-7ADA668291D7}.Debug|Any CPU.Build.0 = Debug|Any CPU
		{A60747B1-6D92-4995-9AE3-7ADA668291D7}.Release|Any CPU.ActiveCfg = Release|Any CPU
		{A60747B1-6D92-4995-9AE3-7ADA668291D7}.Release|Any CPU.Build.0 = Release|Any CPU
		{743CCB25-39B0-44C0-AED0-167F208452E1}.Debug|Any CPU.ActiveCfg = Debug|Any CPU
		{743CCB25-39B0-44C0-AED0-167F208452E1}.Debug|Any CPU.Build.0 = Debug|Any CPU
		{743CCB25-39B0-44C0-AED0-167F208452E1}.Release|Any CPU.ActiveCfg = Release|Any CPU
		{743CCB25-39B0-44C0-AED0-167F208452E1}.Release|Any CPU.Build.0 = Release|Any CPU
		{16EC38C9-F63E-43E9-B08A-CFA28B37CB9D}.Debug|Any CPU.ActiveCfg = Debug|Any CPU
		{16EC38C9-F63E-43E9-B08A-CFA28B37CB9D}.Debug|Any CPU.Build.0 = Debug|Any CPU
		{16EC38C9-F63E-43E9-B08A-CFA28B37CB9D}.Release|Any CPU.ActiveCfg = Release|Any CPU
		{16EC38C9-F63E-43E9-B08A-CFA28B37CB9D}.Release|Any CPU.Build.0 = Release|Any CPU
		{35D78434-53BB-485E-A21D-5F2F7B8D3A9F}.Debug|Any CPU.ActiveCfg = Debug|Any CPU
		{35D78434-53BB-485E-A21D-5F2F7B8D3A9F}.Debug|Any CPU.Build.0 = Debug|Any CPU
		{35D78434-53BB-485E-A21D-5F2F7B8D3A9F}.Release|Any CPU.ActiveCfg = Release|Any CPU
		{35D78434-53BB-485E-A21D-5F2F7B8D3A9F}.Release|Any CPU.Build.0 = Release|Any CPU
		{403ADCB0-8D4F-4C53-B682-876549C3A96A}.Debug|Any CPU.ActiveCfg = Debug|Any CPU
		{403ADCB0-8D4F-4C53-B682-876549C3A96A}.Debug|Any CPU.Build.0 = Debug|Any CPU
		{403ADCB0-8D4F-4C53-B682-876549C3A96A}.Release|Any CPU.ActiveCfg = Release|Any CPU
		{403ADCB0-8D4F-4C53-B682-876549C3A96A}.Release|Any CPU.Build.0 = Release|Any CPU
		{4996F44B-A7AF-4DD1-A40D-391A45F30261}.Debug|Any CPU.ActiveCfg = Debug|Any CPU
		{4996F44B-A7AF-4DD1-A40D-391A45F30261}.Debug|Any CPU.Build.0 = Debug|Any CPU
		{4996F44B-A7AF-4DD1-A40D-391A45F30261}.Release|Any CPU.ActiveCfg = Release|Any CPU
		{4996F44B-A7AF-4DD1-A40D-391A45F30261}.Release|Any CPU.Build.0 = Release|Any CPU
	EndGlobalSection
	GlobalSection(SolutionProperties) = preSolution
		HideSolutionNode = FALSE
	EndGlobalSection
	GlobalSection(ExtensibilityGlobals) = postSolution
		EnterpriseLibraryConfigurationToolBinariesPath = packages\Unity.2.1.505.2\lib\NET35;packages\Unity.Interception.2.1.505.2\lib\NET35
	EndGlobalSection
EndGlobal
